// !$*UTF8*$!
{
	archiveVersion = 1;
	classes = {
	};
	objectVersion = 55;
	objects = {

/* Begin PBXBuildFile section */
		6E937A3028B9050E00BA9836 /* CalcSUIApp.swift in Sources */ = {isa = PBXBuildFile; fileRef = 6E937A2F28B9050E00BA9836 /* CalcSUIApp.swift */; };
		6E937A3228B9050E00BA9836 /* ContentView.swift in Sources */ = {isa = PBXBuildFile; fileRef = 6E937A3128B9050E00BA9836 /* ContentView.swift */; };
		6E937A3428B9051000BA9836 /* Assets.xcassets in Resources */ = {isa = PBXBuildFile; fileRef = 6E937A3328B9051000BA9836 /* Assets.xcassets */; };
		6E937A3728B9051000BA9836 /* Preview Assets.xcassets in Resources */ = {isa = PBXBuildFile; fileRef = 6E937A3628B9051000BA9836 /* Preview Assets.xcassets */; };
		6E937A4128B9051000BA9836 /* CalcSUITests.swift in Sources */ = {isa = PBXBuildFile; fileRef = 6E937A4028B9051000BA9836 /* CalcSUITests.swift */; };
		6E937A4B28B9051000BA9836 /* CalcSUIUITests.swift in Sources */ = {isa = PBXBuildFile; fileRef = 6E937A4A28B9051000BA9836 /* CalcSUIUITests.swift */; };
		6E937A4D28B9051000BA9836 /* CalcSUIUITestsLaunchTests.swift in Sources */ = {isa = PBXBuildFile; fileRef = 6E937A4C28B9051000BA9836 /* CalcSUIUITestsLaunchTests.swift */; };
/* End PBXBuildFile section */

/* Begin PBXContainerItemProxy section */
		6E937A3D28B9051000BA9836 /* PBXContainerItemProxy */ = {
			isa = PBXContainerItemProxy;
			containerPortal = 6E937A2428B9050E00BA9836 /* Project object */;
			proxyType = 1;
			remoteGlobalIDString = 6E937A2B28B9050E00BA9836;
			remoteInfo = CalcSUI;
		};
		6E937A4728B9051000BA9836 /* PBXContainerItemProxy */ = {
			isa = PBXContainerItemProxy;
			containerPortal = 6E937A2428B9050E00BA9836 /* Project object */;
			proxyType = 1;
			remoteGlobalIDString = 6E937A2B28B9050E00BA9836;
			remoteInfo = CalcSUI;
		};
/* End PBXContainerItemProxy section */

/* Begin PBXFileReference section */
		6E937A2C28B9050E00BA9836 /* CalcSUI.app */ = {isa = PBXFileReference; explicitFileType = wrapper.application; includeInIndex = 0; path = CalcSUI.app; sourceTree = BUILT_PRODUCTS_DIR; };
		6E937A2F28B9050E00BA9836 /* CalcSUIApp.swift */ = {isa = PBXFileReference; lastKnownFileType = sourcecode.swift; path = CalcSUIApp.swift; sourceTree = "<group>"; };
		6E937A3128B9050E00BA9836 /* ContentView.swift */ = {isa = PBXFileReference; lastKnownFileType = sourcecode.swift; path = ContentView.swift; sourceTree = "<group>"; };
		6E937A3328B9051000BA9836 /* Assets.xcassets */ = {isa = PBXFileReference; lastKnownFileType = folder.assetcatalog; path = Assets.xcassets; sourceTree = "<group>"; };
		6E937A3628B9051000BA9836 /* Preview Assets.xcassets */ = {isa = PBXFileReference; lastKnownFileType = folder.assetcatalog; path = "Preview Assets.xcassets"; sourceTree = "<group>"; };
		6E937A3C28B9051000BA9836 /* CalcSUITests.xctest */ = {isa = PBXFileReference; explicitFileType = wrapper.cfbundle; includeInIndex = 0; path = CalcSUITests.xctest; sourceTree = BUILT_PRODUCTS_DIR; };
		6E937A4028B9051000BA9836 /* CalcSUITests.swift */ = {isa = PBXFileReference; lastKnownFileType = sourcecode.swift; path = CalcSUITests.swift; sourceTree = "<group>"; };
		6E937A4628B9051000BA9836 /* CalcSUIUITests.xctest */ = {isa = PBXFileReference; explicitFileType = wrapper.cfbundle; includeInIndex = 0; path = CalcSUIUITests.xctest; sourceTree = BUILT_PRODUCTS_DIR; };
		6E937A4A28B9051000BA9836 /* CalcSUIUITests.swift */ = {isa = PBXFileReference; lastKnownFileType = sourcecode.swift; path = CalcSUIUITests.swift; sourceTree = "<group>"; };
		6E937A4C28B9051000BA9836 /* CalcSUIUITestsLaunchTests.swift */ = {isa = PBXFileReference; lastKnownFileType = sourcecode.swift; path = CalcSUIUITestsLaunchTests.swift; sourceTree = "<group>"; };
/* End PBXFileReference section */

/* Begin PBXFrameworksBuildPhase section */
		6E937A2928B9050E00BA9836 /* Frameworks */ = {
			isa = PBXFrameworksBuildPhase;
			buildActionMask = 2147483647;
			files = (
			);
			runOnlyForDeploymentPostprocessing = 0;
		};
		6E937A3928B9051000BA9836 /* Frameworks */ = {
			isa = PBXFrameworksBuildPhase;
			buildActionMask = 2147483647;
			files = (
			);
			runOnlyForDeploymentPostprocessing = 0;
		};
		6E937A4328B9051000BA9836 /* Frameworks */ = {
			isa = PBXFrameworksBuildPhase;
			buildActionMask = 2147483647;
			files = (
			);
			runOnlyForDeploymentPostprocessing = 0;
		};
/* End PBXFrameworksBuildPhase section */

/* Begin PBXGroup section */
		6E937A2328B9050E00BA9836 = {
			isa = PBXGroup;
			children = (
				6E937A2E28B9050E00BA9836 /* CalcSUI */,
				6E937A3F28B9051000BA9836 /* CalcSUITests */,
				6E937A4928B9051000BA9836 /* CalcSUIUITests */,
				6E937A2D28B9050E00BA9836 /* Products */,
			);
			sourceTree = "<group>";
		};
		6E937A2D28B9050E00BA9836 /* Products */ = {
			isa = PBXGroup;
			children = (
				6E937A2C28B9050E00BA9836 /* CalcSUI.app */,
				6E937A3C28B9051000BA9836 /* CalcSUITests.xctest */,
				6E937A4628B9051000BA9836 /* CalcSUIUITests.xctest */,
			);
			name = Products;
			sourceTree = "<group>";
		};
		6E937A2E28B9050E00BA9836 /* CalcSUI */ = {
			isa = PBXGroup;
			children = (
				6E937A2F28B9050E00BA9836 /* CalcSUIApp.swift */,
				6E937A3128B9050E00BA9836 /* ContentView.swift */,
				6E937A3328B9051000BA9836 /* Assets.xcassets */,
				6E937A3528B9051000BA9836 /* Preview Content */,
			);
			path = CalcSUI;
			sourceTree = "<group>";
		};
		6E937A3528B9051000BA9836 /* Preview Content */ = {
			isa = PBXGroup;
			children = (
				6E937A3628B9051000BA9836 /* Preview Assets.xcassets */,
			);
			path = "Preview Content";
			sourceTree = "<group>";
		};
		6E937A3F28B9051000BA9836 /* CalcSUITests */ = {
			isa = PBXGroup;
			children = (
				6E937A4028B9051000BA9836 /* CalcSUITests.swift */,
			);
			path = CalcSUITests;
			sourceTree = "<group>";
		};
		6E937A4928B9051000BA9836 /* CalcSUIUITests */ = {
			isa = PBXGroup;
			children = (
				6E937A4A28B9051000BA9836 /* CalcSUIUITests.swift */,
				6E937A4C28B9051000BA9836 /* CalcSUIUITestsLaunchTests.swift */,
			);
			path = CalcSUIUITests;
			sourceTree = "<group>";
		};
/* End PBXGroup section */

/* Begin PBXNativeTarget section */
		6E937A2B28B9050E00BA9836 /* CalcSUI */ = {
			isa = PBXNativeTarget;
			buildConfigurationList = 6E937A5028B9051000BA9836 /* Build configuration list for PBXNativeTarget "CalcSUI" */;
			buildPhases = (
				6E937A2828B9050E00BA9836 /* Sources */,
				6E937A2928B9050E00BA9836 /* Frameworks */,
				6E937A2A28B9050E00BA9836 /* Resources */,
			);
			buildRules = (
			);
			dependencies = (
			);
			name = CalcSUI;
			productName = CalcSUI;
			productReference = 6E937A2C28B9050E00BA9836 /* CalcSUI.app */;
			productType = "com.apple.product-type.application";
		};
		6E937A3B28B9051000BA9836 /* CalcSUITests */ = {
			isa = PBXNativeTarget;
			buildConfigurationList = 6E937A5328B9051000BA9836 /* Build configuration list for PBXNativeTarget "CalcSUITests" */;
			buildPhases = (
				6E937A3828B9051000BA9836 /* Sources */,
				6E937A3928B9051000BA9836 /* Frameworks */,
				6E937A3A28B9051000BA9836 /* Resources */,
			);
			buildRules = (
			);
			dependencies = (
				6E937A3E28B9051000BA9836 /* PBXTargetDependency */,
			);
			name = CalcSUITests;
			productName = CalcSUITests;
			productReference = 6E937A3C28B9051000BA9836 /* CalcSUITests.xctest */;
			productType = "com.apple.product-type.bundle.unit-test";
		};
		6E937A4528B9051000BA9836 /* CalcSUIUITests */ = {
			isa = PBXNativeTarget;
			buildConfigurationList = 6E937A5628B9051000BA9836 /* Build configuration list for PBXNativeTarget "CalcSUIUITests" */;
			buildPhases = (
				6E937A4228B9051000BA9836 /* Sources */,
				6E937A4328B9051000BA9836 /* Frameworks */,
				6E937A4428B9051000BA9836 /* Resources */,
			);
			buildRules = (
			);
			dependencies = (
				6E937A4828B9051000BA9836 /* PBXTargetDependency */,
			);
			name = CalcSUIUITests;
			productName = CalcSUIUITests;
			productReference = 6E937A4628B9051000BA9836 /* CalcSUIUITests.xctest */;
			productType = "com.apple.product-type.bundle.ui-testing";
		};
/* End PBXNativeTarget section */

/* Begin PBXProject section */
		6E937A2428B9050E00BA9836 /* Project object */ = {
			isa = PBXProject;
			attributes = {
				BuildIndependentTargetsInParallel = 1;
				LastSwiftUpdateCheck = 1340;
				LastUpgradeCheck = 1340;
				TargetAttributes = {
					6E937A2B28B9050E00BA9836 = {
						CreatedOnToolsVersion = 13.4.1;
					};
					6E937A3B28B9051000BA9836 = {
						CreatedOnToolsVersion = 13.4.1;
						TestTargetID = 6E937A2B28B9050E00BA9836;
					};
					6E937A4528B9051000BA9836 = {
						CreatedOnToolsVersion = 13.4.1;
						TestTargetID = 6E937A2B28B9050E00BA9836;
					};
				};
			};
			buildConfigurationList = 6E937A2728B9050E00BA9836 /* Build configuration list for PBXProject "CalcSUI" */;
			compatibilityVersion = "Xcode 13.0";
			developmentRegion = en;
			hasScannedForEncodings = 0;
			knownRegions = (
				en,
				Base,
			);
			mainGroup = 6E937A2328B9050E00BA9836;
			productRefGroup = 6E937A2D28B9050E00BA9836 /* Products */;
			projectDirPath = "";
			projectRoot = "";
			targets = (
				6E937A2B28B9050E00BA9836 /* CalcSUI */,
				6E937A3B28B9051000BA9836 /* CalcSUITests */,
				6E937A4528B9051000BA9836 /* CalcSUIUITests */,
			);
		};
/* End PBXProject section */

/* Begin PBXResourcesBuildPhase section */
		6E937A2A28B9050E00BA9836 /* Resources */ = {
			isa = PBXResourcesBuildPhase;
			buildActionMask = 2147483647;
			files = (
				6E937A3728B9051000BA9836 /* Preview Assets.xcassets in Resources */,
				6E937A3428B9051000BA9836 /* Assets.xcassets in Resources */,
			);
			runOnlyForDeploymentPostprocessing = 0;
		};
		6E937A3A28B9051000BA9836 /* Resources */ = {
			isa = PBXResourcesBuildPhase;
			buildActionMask = 2147483647;
			files = (
			);
			runOnlyForDeploymentPostprocessing = 0;
		};
		6E937A4428B9051000BA9836 /* Resources */ = {
			isa = PBXResourcesBuildPhase;
			buildActionMask = 2147483647;
			files = (
			);
			runOnlyForDeploymentPostprocessing = 0;
		};
/* End PBXResourcesBuildPhase section */

/* Begin PBXSourcesBuildPhase section */
		6E937A2828B9050E00BA9836 /* Sources */ = {
			isa = PBXSourcesBuildPhase;
			buildActionMask = 2147483647;
			files = (
				6E937A3228B9050E00BA9836 /* ContentView.swift in Sources */,
				6E937A3028B9050E00BA9836 /* CalcSUIApp.swift in Sources */,
			);
			runOnlyForDeploymentPostprocessing = 0;
		};
		6E937A3828B9051000BA9836 /* Sources */ = {
			isa = PBXSourcesBuildPhase;
			buildActionMask = 2147483647;
			files = (
				6E937A4128B9051000BA9836 /* CalcSUITests.swift in Sources */,
			);
			runOnlyForDeploymentPostprocessing = 0;
		};
		6E937A4228B9051000BA9836 /* Sources */ = {
			isa = PBXSourcesBuildPhase;
			buildActionMask = 2147483647;
			files = (
				6E937A4B28B9051000BA9836 /* CalcSUIUITests.swift in Sources */,
				6E937A4D28B9051000BA9836 /* CalcSUIUITestsLaunchTests.swift in Sources */,
			);
			runOnlyForDeploymentPostprocessing = 0;
		};
/* End PBXSourcesBuildPhase section */

/* Begin PBXTargetDependency section */
		6E937A3E28B9051000BA9836 /* PBXTargetDependency */ = {
			isa = PBXTargetDependency;
			target = 6E937A2B28B9050E00BA9836 /* CalcSUI */;
			targetProxy = 6E937A3D28B9051000BA9836 /* PBXContainerItemProxy */;
		};
		6E937A4828B9051000BA9836 /* PBXTargetDependency */ = {
			isa = PBXTargetDependency;
			target = 6E937A2B28B9050E00BA9836 /* CalcSUI */;
			targetProxy = 6E937A4728B9051000BA9836 /* PBXContainerItemProxy */;
		};
/* End PBXTargetDependency section */

/* Begin XCBuildConfiguration section */
		6E937A4E28B9051000BA9836 /* Debug */ = {
			isa = XCBuildConfiguration;
			buildSettings = {
				ALWAYS_SEARCH_USER_PATHS = NO;
				CLANG_ANALYZER_NONNULL = YES;
				CLANG_ANALYZER_NUMBER_OBJECT_CONVERSION = YES_AGGRESSIVE;
				CLANG_CXX_LANGUAGE_STANDARD = "gnu++17";
				CLANG_ENABLE_MODULES = YES;
				CLANG_ENABLE_OBJC_ARC = YES;
				CLANG_ENABLE_OBJC_WEAK = YES;
				CLANG_WARN_BLOCK_CAPTURE_AUTORELEASING = YES;
				CLANG_WARN_BOOL_CONVERSION = YES;
				CLANG_WARN_COMMA = YES;
				CLANG_WARN_CONSTANT_CONVERSION = YES;
				CLANG_WARN_DEPRECATED_OBJC_IMPLEMENTATIONS = YES;
				CLANG_WARN_DIRECT_OBJC_ISA_USAGE = YES_ERROR;
				CLANG_WARN_DOCUMENTATION_COMMENTS = YES;
				CLANG_WARN_EMPTY_BODY = YES;
				CLANG_WARN_ENUM_CONVERSION = YES;
				CLANG_WARN_INFINITE_RECURSION = YES;
				CLANG_WARN_INT_CONVERSION = YES;
				CLANG_WARN_NON_LITERAL_NULL_CONVERSION = YES;
				CLANG_WARN_OBJC_IMPLICIT_RETAIN_SELF = YES;
				CLANG_WARN_OBJC_LITERAL_CONVERSION = YES;
				CLANG_WARN_OBJC_ROOT_CLASS = YES_ERROR;
				CLANG_WARN_QUOTED_INCLUDE_IN_FRAMEWORK_HEADER = YES;
				CLANG_WARN_RANGE_LOOP_ANALYSIS = YES;
				CLANG_WARN_STRICT_PROTOTYPES = YES;
				CLANG_WARN_SUSPICIOUS_MOVE = YES;
				CLANG_WARN_UNGUARDED_AVAILABILITY = YES_AGGRESSIVE;
				CLANG_WARN_UNREACHABLE_CODE = YES;
				CLANG_WARN__DUPLICATE_METHOD_MATCH = YES;
				COPY_PHASE_STRIP = NO;
				DEBUG_INFORMATION_FORMAT = dwarf;
				ENABLE_STRICT_OBJC_MSGSEND = YES;
				ENABLE_TESTABILITY = YES;
				GCC_C_LANGUAGE_STANDARD = gnu11;
				GCC_DYNAMIC_NO_PIC = NO;
				GCC_NO_COMMON_BLOCKS = YES;
				GCC_OPTIMIZATION_LEVEL = 0;
				GCC_PREPROCESSOR_DEFINITIONS = (
					"DEBUG=1",
					"$(inherited)",
				);
				GCC_WARN_64_TO_32_BIT_CONVERSION = YES;
				GCC_WARN_ABOUT_RETURN_TYPE = YES_ERROR;
				GCC_WARN_UNDECLARED_SELECTOR = YES;
				GCC_WARN_UNINITIALIZED_AUTOS = YES_AGGRESSIVE;
				GCC_WARN_UNUSED_FUNCTION = YES;
				GCC_WARN_UNUSED_VARIABLE = YES;
				IPHONEOS_DEPLOYMENT_TARGET = 15.5;
				MTL_ENABLE_DEBUG_INFO = INCLUDE_SOURCE;
				MTL_FAST_MATH = YES;
				ONLY_ACTIVE_ARCH = YES;
				SDKROOT = iphoneos;
				SWIFT_ACTIVE_COMPILATION_CONDITIONS = DEBUG;
				SWIFT_OPTIMIZATION_LEVEL = "-Onone";
			};
			name = Debug;
		};
		6E937A4F28B9051000BA9836 /* Release */ = {
			isa = XCBuildConfiguration;
			buildSettings = {
				ALWAYS_SEARCH_USER_PATHS = NO;
				CLANG_ANALYZER_NONNULL = YES;
				CLANG_ANALYZER_NUMBER_OBJECT_CONVERSION = YES_AGGRESSIVE;
				CLANG_CXX_LANGUAGE_STANDARD = "gnu++17";
				CLANG_ENABLE_MODULES = YES;
				CLANG_ENABLE_OBJC_ARC = YES;
				CLANG_ENABLE_OBJC_WEAK = YES;
				CLANG_WARN_BLOCK_CAPTURE_AUTORELEASING = YES;
				CLANG_WARN_BOOL_CONVERSION = YES;
				CLANG_WARN_COMMA = YES;
				CLANG_WARN_CONSTANT_CONVERSION = YES;
				CLANG_WARN_DEPRECATED_OBJC_IMPLEMENTATIONS = YES;
				CLANG_WARN_DIRECT_OBJC_ISA_USAGE = YES_ERROR;
				CLANG_WARN_DOCUMENTATION_COMMENTS = YES;
				CLANG_WARN_EMPTY_BODY = YES;
				CLANG_WARN_ENUM_CONVERSION = YES;
				CLANG_WARN_INFINITE_RECURSION = YES;
				CLANG_WARN_INT_CONVERSION = YES;
				CLANG_WARN_NON_LITERAL_NULL_CONVERSION = YES;
				CLANG_WARN_OBJC_IMPLICIT_RETAIN_SELF = YES;
				CLANG_WARN_OBJC_LITERAL_CONVERSION = YES;
				CLANG_WARN_OBJC_ROOT_CLASS = YES_ERROR;
				CLANG_WARN_QUOTED_INCLUDE_IN_FRAMEWORK_HEADER = YES;
				CLANG_WARN_RANGE_LOOP_ANALYSIS = YES;
				CLANG_WARN_STRICT_PROTOTYPES = YES;
				CLANG_WARN_SUSPICIOUS_MOVE = YES;
				CLANG_WARN_UNGUARDED_AVAILABILITY = YES_AGGRESSIVE;
				CLANG_WARN_UNREACHABLE_CODE = YES;
				CLANG_WARN__DUPLICATE_METHOD_MATCH = YES;
				COPY_PHASE_STRIP = NO;
				DEBUG_INFORMATION_FORMAT = "dwarf-with-dsym";
				ENABLE_NS_ASSERTIONS = NO;
				ENABLE_STRICT_OBJC_MSGSEND = YES;
				GCC_C_LANGUAGE_STANDARD = gnu11;
				GCC_NO_COMMON_BLOCKS = YES;
				GCC_WARN_64_TO_32_BIT_CONVERSION = YES;
				GCC_WARN_ABOUT_RETURN_TYPE = YES_ERROR;
				GCC_WARN_UNDECLARED_SELECTOR = YES;
				GCC_WARN_UNINITIALIZED_AUTOS = YES_AGGRESSIVE;
				GCC_WARN_UNUSED_FUNCTION = YES;
				GCC_WARN_UNUSED_VARIABLE = YES;
				IPHONEOS_DEPLOYMENT_TARGET = 15.5;
				MTL_ENABLE_DEBUG_INFO = NO;
				MTL_FAST_MATH = YES;
				SDKROOT = iphoneos;
				SWIFT_COMPILATION_MODE = wholemodule;
				SWIFT_OPTIMIZATION_LEVEL = "-O";
				VALIDATE_PRODUCT = YES;
			};
			name = Release;
		};
		6E937A5128B9051000BA9836 /* Debug */ = {
			isa = XCBuildConfiguration;
			buildSettings = {
				ASSETCATALOG_COMPILER_APPICON_NAME = AppIcon;
				ASSETCATALOG_COMPILER_GLOBAL_ACCENT_COLOR_NAME = AccentColor;
				CODE_SIGN_STYLE = Automatic;
				CURRENT_PROJECT_VERSION = 1;
				DEVELOPMENT_ASSET_PATHS = "\"CalcSUI/Preview Content\"";
				DEVELOPMENT_TEAM = V6SNK6N29R;
				ENABLE_PREVIEWS = YES;
				GENERATE_INFOPLIST_FILE = YES;
				INFOPLIST_KEY_UIApplicationSceneManifest_Generation = YES;
				INFOPLIST_KEY_UIApplicationSupportsIndirectInputEvents = YES;
				INFOPLIST_KEY_UILaunchScreen_Generation = YES;
				INFOPLIST_KEY_UISupportedInterfaceOrientations_iPad = "UIInterfaceOrientationPortrait UIInterfaceOrientationPortraitUpsideDown UIInterfaceOrientationLandscapeLeft UIInterfaceOrientationLandscapeRight";
				INFOPLIST_KEY_UISupportedInterfaceOrientations_iPhone = "UIInterfaceOrientationPortrait UIInterfaceOrientationLandscapeLeft UIInterfaceOrientationLandscapeRight";
				LD_RUNPATH_SEARCH_PATHS = (
					"$(inherited)",
					"@executable_path/Frameworks",
				);
				MARKETING_VERSION = 1.0;
				PRODUCT_BUNDLE_IDENTIFIER = com.it.mac.CalcSUI;
				PRODUCT_NAME = "$(TARGET_NAME)";
				SWIFT_EMIT_LOC_STRINGS = YES;
				SWIFT_VERSION = 5.0;
				TARGETED_DEVICE_FAMILY = "1,2";
			};
			name = Debug;
		};
		6E937A5228B9051000BA9836 /* Release */ = {
			isa = XCBuildConfiguration;
			buildSettings = {
				ASSETCATALOG_COMPILER_APPICON_NAME = AppIcon;
				ASSETCATALOG_COMPILER_GLOBAL_ACCENT_COLOR_NAME = AccentColor;
				CODE_SIGN_STYLE = Automatic;
				CURRENT_PROJECT_VERSION = 1;
				DEVELOPMENT_ASSET_PATHS = "\"CalcSUI/Preview Content\"";
				DEVELOPMENT_TEAM = V6SNK6N29R;
				ENABLE_PREVIEWS = YES;
				GENERATE_INFOPLIST_FILE = YES;
				INFOPLIST_KEY_UIApplicationSceneManifest_Generation = YES;
				INFOPLIST_KEY_UIApplicationSupportsIndirectInputEvents = YES;
				INFOPLIST_KEY_UILaunchScreen_Generation = YES;
				INFOPLIST_KEY_UISupportedInterfaceOrientations_iPad = "UIInterfaceOrientationPortrait UIInterfaceOrientationPortraitUpsideDown UIInterfaceOrientationLandscapeLeft UIInterfaceOrientationLandscapeRight";
				INFOPLIST_KEY_UISupportedInterfaceOrientations_iPhone = "UIInterfaceOrientationPortrait UIInterfaceOrientationLandscapeLeft UIInterfaceOrientationLandscapeRight";
				LD_RUNPATH_SEARCH_PATHS = (
					"$(inherited)",
					"@executable_path/Frameworks",
				);
				MARKETING_VERSION = 1.0;
				PRODUCT_BUNDLE_IDENTIFIER = com.it.mac.CalcSUI;
				PRODUCT_NAME = "$(TARGET_NAME)";
				SWIFT_EMIT_LOC_STRINGS = YES;
				SWIFT_VERSION = 5.0;
				TARGETED_DEVICE_FAMILY = "1,2";
			};
			name = Release;
		};
		6E937A5428B9051000BA9836 /* Debug */ = {
			isa = XCBuildConfiguration;
			buildSettings = {
				ALWAYS_EMBED_SWIFT_STANDARD_LIBRARIES = YES;
				BUNDLE_LOADER = "$(TEST_HOST)";
				CODE_SIGN_STYLE = Automatic;
				CURRENT_PROJECT_VERSION = 1;
				DEVELOPMENT_TEAM = V6SNK6N29R;
				GENERATE_INFOPLIST_FILE = YES;
				IPHONEOS_DEPLOYMENT_TARGET = 15.5;
				MARKETING_VERSION = 1.0;
				PRODUCT_BUNDLE_IDENTIFIER = com.it.mac.CalcSUITests;
				PRODUCT_NAME = "$(TARGET_NAME)";
				SWIFT_EMIT_LOC_STRINGS = NO;
				SWIFT_VERSION = 5.0;
				TARGETED_DEVICE_FAMILY = "1,2";
				TEST_HOST = "$(BUILT_PRODUCTS_DIR)/CalcSUI.app/CalcSUI";
			};
			name = Debug;
		};
		6E937A5528B9051000BA9836 /* Release */ = {
			isa = XCBuildConfiguration;
			buildSettings = {
				ALWAYS_EMBED_SWIFT_STANDARD_LIBRARIES = YES;
				BUNDLE_LOADER = "$(TEST_HOST)";
				CODE_SIGN_STYLE = Automatic;
				CURRENT_PROJECT_VERSION = 1;
				DEVELOPMENT_TEAM = V6SNK6N29R;
				GENERATE_INFOPLIST_FILE = YES;
				IPHONEOS_DEPLOYMENT_TARGET = 15.5;
				MARKETING_VERSION = 1.0;
				PRODUCT_BUNDLE_IDENTIFIER = com.it.mac.CalcSUITests;
				PRODUCT_NAME = "$(TARGET_NAME)";
				SWIFT_EMIT_LOC_STRINGS = NO;
				SWIFT_VERSION = 5.0;
				TARGETED_DEVICE_FAMILY = "1,2";
				TEST_HOST = "$(BUILT_PRODUCTS_DIR)/CalcSUI.app/CalcSUI";
			};
			name = Release;
		};
		6E937A5728B9051000BA9836 /* Debug */ = {
			isa = XCBuildConfiguration;
			buildSettings = {
				ALWAYS_EMBED_SWIFT_STANDARD_LIBRARIES = YES;
				CODE_SIGN_STYLE = Automatic;
				CURRENT_PROJECT_VERSION = 1;
				DEVELOPMENT_TEAM = V6SNK6N29R;
				GENERATE_INFOPLIST_FILE = YES;
				MARKETING_VERSION = 1.0;
				PRODUCT_BUNDLE_IDENTIFIER = com.it.mac.CalcSUIUITests;
				PRODUCT_NAME = "$(TARGET_NAME)";
				SWIFT_EMIT_LOC_STRINGS = NO;
				SWIFT_VERSION = 5.0;
				TARGETED_DEVICE_FAMILY = "1,2";
				TEST_TARGET_NAME = CalcSUI;
			};
			name = Debug;
		};
		6E937A5828B9051000BA9836 /* Release */ = {
			isa = XCBuildConfiguration;
			buildSettings = {
				ALWAYS_EMBED_SWIFT_STANDARD_LIBRARIES = YES;
				CODE_SIGN_STYLE = Automatic;
				CURRENT_PROJECT_VERSION = 1;
				DEVELOPMENT_TEAM = V6SNK6N29R;
				GENERATE_INFOPLIST_FILE = YES;
				MARKETING_VERSION = 1.0;
				PRODUCT_BUNDLE_IDENTIFIER = com.it.mac.CalcSUIUITests;
				PRODUCT_NAME = "$(TARGET_NAME)";
				SWIFT_EMIT_LOC_STRINGS = NO;
				SWIFT_VERSION = 5.0;
				TARGETED_DEVICE_FAMILY = "1,2";
				TEST_TARGET_NAME = CalcSUI;
			};
			name = Release;
		};
/* End XCBuildConfiguration section */

/* Begin XCConfigurationList section */
		6E937A2728B9050E00BA9836 /* Build configuration list for PBXProject "CalcSUI" */ = {
			isa = XCConfigurationList;
			buildConfigurations = (
				6E937A4E28B9051000BA9836 /* Debug */,
				6E937A4F28B9051000BA9836 /* Release */,
			);
			defaultConfigurationIsVisible = 0;
			defaultConfigurationName = Release;
		};
		6E937A5028B9051000BA9836 /* Build configuration list for PBXNativeTarget "CalcSUI" */ = {
			isa = XCConfigurationList;
			buildConfigurations = (
				6E937A5128B9051000BA9836 /* Debug */,
				6E937A5228B9051000BA9836 /* Release */,
			);
			defaultConfigurationIsVisible = 0;
			defaultConfigurationName = Release;
		};
		6E937A5328B9051000BA9836 /* Build configuration list for PBXNativeTarget "CalcSUITests" */ = {
			isa = XCConfigurationList;
			buildConfigurations = (
				6E937A5428B9051000BA9836 /* Debug */,
				6E937A5528B9051000BA9836 /* Release */,
			);
			defaultConfigurationIsVisible = 0;
			defaultConfigurationName = Release;
		};
		6E937A5628B9051000BA9836 /* Build configuration list for PBXNativeTarget "CalcSUIUITests" */ = {
			isa = XCConfigurationList;
			buildConfigurations = (
				6E937A5728B9051000BA9836 /* Debug */,
				6E937A5828B9051000BA9836 /* Release */,
			);
			defaultConfigurationIsVisible = 0;
			defaultConfigurationName = Release;
		};
/* End XCConfigurationList section */
	};
	rootObject = 6E937A2428B9050E00BA9836 /* Project object */;
}
