// !$*UTF8*$!
{
	archiveVersion = 1;
	classes = {
	};
	objectVersion = 55;
	objects = {

/* Begin PBXBuildFile section */
		6E937B0E28C0DE2800BA9836 /* ProductListApp.swift in Sources */ = {isa = PBXBuildFile; fileRef = 6E937B0D28C0DE2800BA9836 /* ProductListApp.swift */; };
		6E937B1028C0DE2800BA9836 /* ContentView.swift in Sources */ = {isa = PBXBuildFile; fileRef = 6E937B0F28C0DE2800BA9836 /* ContentView.swift */; };
		6E937B1228C0DE2A00BA9836 /* Assets.xcassets in Resources */ = {isa = PBXBuildFile; fileRef = 6E937B1128C0DE2A00BA9836 /* Assets.xcassets */; };
		6E937B1528C0DE2A00BA9836 /* Preview Assets.xcassets in Resources */ = {isa = PBXBuildFile; fileRef = 6E937B1428C0DE2A00BA9836 /* Preview Assets.xcassets */; };
		6E937B1F28C0DE2A00BA9836 /* ProductListTests.swift in Sources */ = {isa = PBXBuildFile; fileRef = 6E937B1E28C0DE2A00BA9836 /* ProductListTests.swift */; };
		6E937B2928C0DE2A00BA9836 /* ProductListUITests.swift in Sources */ = {isa = PBXBuildFile; fileRef = 6E937B2828C0DE2A00BA9836 /* ProductListUITests.swift */; };
		6E937B2B28C0DE2A00BA9836 /* ProductListUITestsLaunchTests.swift in Sources */ = {isa = PBXBuildFile; fileRef = 6E937B2A28C0DE2A00BA9836 /* ProductListUITestsLaunchTests.swift */; };
/* End PBXBuildFile section */

/* Begin PBXContainerItemProxy section */
		6E937B1B28C0DE2A00BA9836 /* PBXContainerItemProxy */ = {
			isa = PBXContainerItemProxy;
			containerPortal = 6E937B0228C0DE2800BA9836 /* Project object */;
			proxyType = 1;
			remoteGlobalIDString = 6E937B0928C0DE2800BA9836;
			remoteInfo = ProductList;
		};
		6E937B2528C0DE2A00BA9836 /* PBXContainerItemProxy */ = {
			isa = PBXContainerItemProxy;
			containerPortal = 6E937B0228C0DE2800BA9836 /* Project object */;
			proxyType = 1;
			remoteGlobalIDString = 6E937B0928C0DE2800BA9836;
			remoteInfo = ProductList;
		};
/* End PBXContainerItemProxy section */

/* Begin PBXFileReference section */
		6E937B0A28C0DE2800BA9836 /* ProductList.app */ = {isa = PBXFileReference; explicitFileType = wrapper.application; includeInIndex = 0; path = ProductList.app; sourceTree = BUILT_PRODUCTS_DIR; };
		6E937B0D28C0DE2800BA9836 /* ProductListApp.swift */ = {isa = PBXFileReference; lastKnownFileType = sourcecode.swift; path = ProductListApp.swift; sourceTree = "<group>"; };
		6E937B0F28C0DE2800BA9836 /* ContentView.swift */ = {isa = PBXFileReference; lastKnownFileType = sourcecode.swift; path = ContentView.swift; sourceTree = "<group>"; };
		6E937B1128C0DE2A00BA9836 /* Assets.xcassets */ = {isa = PBXFileReference; lastKnownFileType = folder.assetcatalog; path = Assets.xcassets; sourceTree = "<group>"; };
		6E937B1428C0DE2A00BA9836 /* Preview Assets.xcassets */ = {isa = PBXFileReference; lastKnownFileType = folder.assetcatalog; path = "Preview Assets.xcassets"; sourceTree = "<group>"; };
		6E937B1A28C0DE2A00BA9836 /* ProductListTests.xctest */ = {isa = PBXFileReference; explicitFileType = wrapper.cfbundle; includeInIndex = 0; path = ProductListTests.xctest; sourceTree = BUILT_PRODUCTS_DIR; };
		6E937B1E28C0DE2A00BA9836 /* ProductListTests.swift */ = {isa = PBXFileReference; lastKnownFileType = sourcecode.swift; path = ProductListTests.swift; sourceTree = "<group>"; };
		6E937B2428C0DE2A00BA9836 /* ProductListUITests.xctest */ = {isa = PBXFileReference; explicitFileType = wrapper.cfbundle; includeInIndex = 0; path = ProductListUITests.xctest; sourceTree = BUILT_PRODUCTS_DIR; };
		6E937B2828C0DE2A00BA9836 /* ProductListUITests.swift */ = {isa = PBXFileReference; lastKnownFileType = sourcecode.swift; path = ProductListUITests.swift; sourceTree = "<group>"; };
		6E937B2A28C0DE2A00BA9836 /* ProductListUITestsLaunchTests.swift */ = {isa = PBXFileReference; lastKnownFileType = sourcecode.swift; path = ProductListUITestsLaunchTests.swift; sourceTree = "<group>"; };
/* End PBXFileReference section */

/* Begin PBXFrameworksBuildPhase section */
		6E937B0728C0DE2800BA9836 /* Frameworks */ = {
			isa = PBXFrameworksBuildPhase;
			buildActionMask = 2147483647;
			files = (
			);
			runOnlyForDeploymentPostprocessing = 0;
		};
		6E937B1728C0DE2A00BA9836 /* Frameworks */ = {
			isa = PBXFrameworksBuildPhase;
			buildActionMask = 2147483647;
			files = (
			);
			runOnlyForDeploymentPostprocessing = 0;
		};
		6E937B2128C0DE2A00BA9836 /* Frameworks */ = {
			isa = PBXFrameworksBuildPhase;
			buildActionMask = 2147483647;
			files = (
			);
			runOnlyForDeploymentPostprocessing = 0;
		};
/* End PBXFrameworksBuildPhase section */

/* Begin PBXGroup section */
		6E937B0128C0DE2800BA9836 = {
			isa = PBXGroup;
			children = (
				6E937B0C28C0DE2800BA9836 /* ProductList */,
				6E937B1D28C0DE2A00BA9836 /* ProductListTests */,
				6E937B2728C0DE2A00BA9836 /* ProductListUITests */,
				6E937B0B28C0DE2800BA9836 /* Products */,
			);
			sourceTree = "<group>";
		};
		6E937B0B28C0DE2800BA9836 /* Products */ = {
			isa = PBXGroup;
			children = (
				6E937B0A28C0DE2800BA9836 /* ProductList.app */,
				6E937B1A28C0DE2A00BA9836 /* ProductListTests.xctest */,
				6E937B2428C0DE2A00BA9836 /* ProductListUITests.xctest */,
			);
			name = Products;
			sourceTree = "<group>";
		};
		6E937B0C28C0DE2800BA9836 /* ProductList */ = {
			isa = PBXGroup;
			children = (
				6E937B0D28C0DE2800BA9836 /* ProductListApp.swift */,
				6E937B0F28C0DE2800BA9836 /* ContentView.swift */,
				6E937B1128C0DE2A00BA9836 /* Assets.xcassets */,
				6E937B1328C0DE2A00BA9836 /* Preview Content */,
			);
			path = ProductList;
			sourceTree = "<group>";
		};
		6E937B1328C0DE2A00BA9836 /* Preview Content */ = {
			isa = PBXGroup;
			children = (
				6E937B1428C0DE2A00BA9836 /* Preview Assets.xcassets */,
			);
			path = "Preview Content";
			sourceTree = "<group>";
		};
		6E937B1D28C0DE2A00BA9836 /* ProductListTests */ = {
			isa = PBXGroup;
			children = (
				6E937B1E28C0DE2A00BA9836 /* ProductListTests.swift */,
			);
			path = ProductListTests;
			sourceTree = "<group>";
		};
		6E937B2728C0DE2A00BA9836 /* ProductListUITests */ = {
			isa = PBXGroup;
			children = (
				6E937B2828C0DE2A00BA9836 /* ProductListUITests.swift */,
				6E937B2A28C0DE2A00BA9836 /* ProductListUITestsLaunchTests.swift */,
			);
			path = ProductListUITests;
			sourceTree = "<group>";
		};
/* End PBXGroup section */

/* Begin PBXNativeTarget section */
		6E937B0928C0DE2800BA9836 /* ProductList */ = {
			isa = PBXNativeTarget;
			buildConfigurationList = 6E937B2E28C0DE2A00BA9836 /* Build configuration list for PBXNativeTarget "ProductList" */;
			buildPhases = (
				6E937B0628C0DE2800BA9836 /* Sources */,
				6E937B0728C0DE2800BA9836 /* Frameworks */,
				6E937B0828C0DE2800BA9836 /* Resources */,
			);
			buildRules = (
			);
			dependencies = (
			);
			name = ProductList;
			productName = ProductList;
			productReference = 6E937B0A28C0DE2800BA9836 /* ProductList.app */;
			productType = "com.apple.product-type.application";
		};
		6E937B1928C0DE2A00BA9836 /* ProductListTests */ = {
			isa = PBXNativeTarget;
			buildConfigurationList = 6E937B3128C0DE2A00BA9836 /* Build configuration list for PBXNativeTarget "ProductListTests" */;
			buildPhases = (
				6E937B1628C0DE2A00BA9836 /* Sources */,
				6E937B1728C0DE2A00BA9836 /* Frameworks */,
				6E937B1828C0DE2A00BA9836 /* Resources */,
			);
			buildRules = (
			);
			dependencies = (
				6E937B1C28C0DE2A00BA9836 /* PBXTargetDependency */,
			);
			name = ProductListTests;
			productName = ProductListTests;
			productReference = 6E937B1A28C0DE2A00BA9836 /* ProductListTests.xctest */;
			productType = "com.apple.product-type.bundle.unit-test";
		};
		6E937B2328C0DE2A00BA9836 /* ProductListUITests */ = {
			isa = PBXNativeTarget;
			buildConfigurationList = 6E937B3428C0DE2A00BA9836 /* Build configuration list for PBXNativeTarget "ProductListUITests" */;
			buildPhases = (
				6E937B2028C0DE2A00BA9836 /* Sources */,
				6E937B2128C0DE2A00BA9836 /* Frameworks */,
				6E937B2228C0DE2A00BA9836 /* Resources */,
			);
			buildRules = (
			);
			dependencies = (
				6E937B2628C0DE2A00BA9836 /* PBXTargetDependency */,
			);
			name = ProductListUITests;
			productName = ProductListUITests;
			productReference = 6E937B2428C0DE2A00BA9836 /* ProductListUITests.xctest */;
			productType = "com.apple.product-type.bundle.ui-testing";
		};
/* End PBXNativeTarget section */

/* Begin PBXProject section */
		6E937B0228C0DE2800BA9836 /* Project object */ = {
			isa = PBXProject;
			attributes = {
				BuildIndependentTargetsInParallel = 1;
				LastSwiftUpdateCheck = 1340;
				LastUpgradeCheck = 1340;
				TargetAttributes = {
					6E937B0928C0DE2800BA9836 = {
						CreatedOnToolsVersion = 13.4.1;
					};
					6E937B1928C0DE2A00BA9836 = {
						CreatedOnToolsVersion = 13.4.1;
						TestTargetID = 6E937B0928C0DE2800BA9836;
					};
					6E937B2328C0DE2A00BA9836 = {
						CreatedOnToolsVersion = 13.4.1;
						TestTargetID = 6E937B0928C0DE2800BA9836;
					};
				};
			};
			buildConfigurationList = 6E937B0528C0DE2800BA9836 /* Build configuration list for PBXProject "ProductList" */;
			compatibilityVersion = "Xcode 13.0";
			developmentRegion = en;
			hasScannedForEncodings = 0;
			knownRegions = (
				en,
				Base,
			);
			mainGroup = 6E937B0128C0DE2800BA9836;
			productRefGroup = 6E937B0B28C0DE2800BA9836 /* Products */;
			projectDirPath = "";
			projectRoot = "";
			targets = (
				6E937B0928C0DE2800BA9836 /* ProductList */,
				6E937B1928C0DE2A00BA9836 /* ProductListTests */,
				6E937B2328C0DE2A00BA9836 /* ProductListUITests */,
			);
		};
/* End PBXProject section */

/* Begin PBXResourcesBuildPhase section */
		6E937B0828C0DE2800BA9836 /* Resources */ = {
			isa = PBXResourcesBuildPhase;
			buildActionMask = 2147483647;
			files = (
				6E937B1528C0DE2A00BA9836 /* Preview Assets.xcassets in Resources */,
				6E937B1228C0DE2A00BA9836 /* Assets.xcassets in Resources */,
			);
			runOnlyForDeploymentPostprocessing = 0;
		};
		6E937B1828C0DE2A00BA9836 /* Resources */ = {
			isa = PBXResourcesBuildPhase;
			buildActionMask = 2147483647;
			files = (
			);
			runOnlyForDeploymentPostprocessing = 0;
		};
		6E937B2228C0DE2A00BA9836 /* Resources */ = {
			isa = PBXResourcesBuildPhase;
			buildActionMask = 2147483647;
			files = (
			);
			runOnlyForDeploymentPostprocessing = 0;
		};
/* End PBXResourcesBuildPhase section */

/* Begin PBXSourcesBuildPhase section */
		6E937B0628C0DE2800BA9836 /* Sources */ = {
			isa = PBXSourcesBuildPhase;
			buildActionMask = 2147483647;
			files = (
				6E937B1028C0DE2800BA9836 /* ContentView.swift in Sources */,
				6E937B0E28C0DE2800BA9836 /* ProductListApp.swift in Sources */,
			);
			runOnlyForDeploymentPostprocessing = 0;
		};
		6E937B1628C0DE2A00BA9836 /* Sources */ = {
			isa = PBXSourcesBuildPhase;
			buildActionMask = 2147483647;
			files = (
				6E937B1F28C0DE2A00BA9836 /* ProductListTests.swift in Sources */,
			);
			runOnlyForDeploymentPostprocessing = 0;
		};
		6E937B2028C0DE2A00BA9836 /* Sources */ = {
			isa = PBXSourcesBuildPhase;
			buildActionMask = 2147483647;
			files = (
				6E937B2B28C0DE2A00BA9836 /* ProductListUITestsLaunchTests.swift in Sources */,
				6E937B2928C0DE2A00BA9836 /* ProductListUITests.swift in Sources */,
			);
			runOnlyForDeploymentPostprocessing = 0;
		};
/* End PBXSourcesBuildPhase section */

/* Begin PBXTargetDependency section */
		6E937B1C28C0DE2A00BA9836 /* PBXTargetDependency */ = {
			isa = PBXTargetDependency;
			target = 6E937B0928C0DE2800BA9836 /* ProductList */;
			targetProxy = 6E937B1B28C0DE2A00BA9836 /* PBXContainerItemProxy */;
		};
		6E937B2628C0DE2A00BA9836 /* PBXTargetDependency */ = {
			isa = PBXTargetDependency;
			target = 6E937B0928C0DE2800BA9836 /* ProductList */;
			targetProxy = 6E937B2528C0DE2A00BA9836 /* PBXContainerItemProxy */;
		};
/* End PBXTargetDependency section */

/* Begin XCBuildConfiguration section */
		6E937B2C28C0DE2A00BA9836 /* Debug */ = {
			isa = XCBuildConfiguration;
			buildSettings = {
				ALWAYS_SEARCH_USER_PATHS = NO;
				CLANG_ANALYZER_NONNULL = YES;
				CLANG_ANALYZER_NUMBER_OBJECT_CONVERSION = YES_AGGRESSIVE;
				CLANG_CXX_LANGUAGE_STANDARD = "gnu++17";
				CLANG_ENABLE_MODULES = YES;
				CLANG_ENABLE_OBJC_ARC = YES;
				CLANG_ENABLE_OBJC_WEAK = YES;
				CLANG_WARN_BLOCK_CAPTURE_AUTORELEASING = YES;
				CLANG_WARN_BOOL_CONVERSION = YES;
				CLANG_WARN_COMMA = YES;
				CLANG_WARN_CONSTANT_CONVERSION = YES;
				CLANG_WARN_DEPRECATED_OBJC_IMPLEMENTATIONS = YES;
				CLANG_WARN_DIRECT_OBJC_ISA_USAGE = YES_ERROR;
				CLANG_WARN_DOCUMENTATION_COMMENTS = YES;
				CLANG_WARN_EMPTY_BODY = YES;
				CLANG_WARN_ENUM_CONVERSION = YES;
				CLANG_WARN_INFINITE_RECURSION = YES;
				CLANG_WARN_INT_CONVERSION = YES;
				CLANG_WARN_NON_LITERAL_NULL_CONVERSION = YES;
				CLANG_WARN_OBJC_IMPLICIT_RETAIN_SELF = YES;
				CLANG_WARN_OBJC_LITERAL_CONVERSION = YES;
				CLANG_WARN_OBJC_ROOT_CLASS = YES_ERROR;
				CLANG_WARN_QUOTED_INCLUDE_IN_FRAMEWORK_HEADER = YES;
				CLANG_WARN_RANGE_LOOP_ANALYSIS = YES;
				CLANG_WARN_STRICT_PROTOTYPES = YES;
				CLANG_WARN_SUSPICIOUS_MOVE = YES;
				CLANG_WARN_UNGUARDED_AVAILABILITY = YES_AGGRESSIVE;
				CLANG_WARN_UNREACHABLE_CODE = YES;
				CLANG_WARN__DUPLICATE_METHOD_MATCH = YES;
				COPY_PHASE_STRIP = NO;
				DEBUG_INFORMATION_FORMAT = dwarf;
				ENABLE_STRICT_OBJC_MSGSEND = YES;
				ENABLE_TESTABILITY = YES;
				GCC_C_LANGUAGE_STANDARD = gnu11;
				GCC_DYNAMIC_NO_PIC = NO;
				GCC_NO_COMMON_BLOCKS = YES;
				GCC_OPTIMIZATION_LEVEL = 0;
				GCC_PREPROCESSOR_DEFINITIONS = (
					"DEBUG=1",
					"$(inherited)",
				);
				GCC_WARN_64_TO_32_BIT_CONVERSION = YES;
				GCC_WARN_ABOUT_RETURN_TYPE = YES_ERROR;
				GCC_WARN_UNDECLARED_SELECTOR = YES;
				GCC_WARN_UNINITIALIZED_AUTOS = YES_AGGRESSIVE;
				GCC_WARN_UNUSED_FUNCTION = YES;
				GCC_WARN_UNUSED_VARIABLE = YES;
				IPHONEOS_DEPLOYMENT_TARGET = 15.5;
				MTL_ENABLE_DEBUG_INFO = INCLUDE_SOURCE;
				MTL_FAST_MATH = YES;
				ONLY_ACTIVE_ARCH = YES;
				SDKROOT = iphoneos;
				SWIFT_ACTIVE_COMPILATION_CONDITIONS = DEBUG;
				SWIFT_OPTIMIZATION_LEVEL = "-Onone";
			};
			name = Debug;
		};
		6E937B2D28C0DE2A00BA9836 /* Release */ = {
			isa = XCBuildConfiguration;
			buildSettings = {
				ALWAYS_SEARCH_USER_PATHS = NO;
				CLANG_ANALYZER_NONNULL = YES;
				CLANG_ANALYZER_NUMBER_OBJECT_CONVERSION = YES_AGGRESSIVE;
				CLANG_CXX_LANGUAGE_STANDARD = "gnu++17";
				CLANG_ENABLE_MODULES = YES;
				CLANG_ENABLE_OBJC_ARC = YES;
				CLANG_ENABLE_OBJC_WEAK = YES;
				CLANG_WARN_BLOCK_CAPTURE_AUTORELEASING = YES;
				CLANG_WARN_BOOL_CONVERSION = YES;
				CLANG_WARN_COMMA = YES;
				CLANG_WARN_CONSTANT_CONVERSION = YES;
				CLANG_WARN_DEPRECATED_OBJC_IMPLEMENTATIONS = YES;
				CLANG_WARN_DIRECT_OBJC_ISA_USAGE = YES_ERROR;
				CLANG_WARN_DOCUMENTATION_COMMENTS = YES;
				CLANG_WARN_EMPTY_BODY = YES;
				CLANG_WARN_ENUM_CONVERSION = YES;
				CLANG_WARN_INFINITE_RECURSION = YES;
				CLANG_WARN_INT_CONVERSION = YES;
				CLANG_WARN_NON_LITERAL_NULL_CONVERSION = YES;
				CLANG_WARN_OBJC_IMPLICIT_RETAIN_SELF = YES;
				CLANG_WARN_OBJC_LITERAL_CONVERSION = YES;
				CLANG_WARN_OBJC_ROOT_CLASS = YES_ERROR;
				CLANG_WARN_QUOTED_INCLUDE_IN_FRAMEWORK_HEADER = YES;
				CLANG_WARN_RANGE_LOOP_ANALYSIS = YES;
				CLANG_WARN_STRICT_PROTOTYPES = YES;
				CLANG_WARN_SUSPICIOUS_MOVE = YES;
				CLANG_WARN_UNGUARDED_AVAILABILITY = YES_AGGRESSIVE;
				CLANG_WARN_UNREACHABLE_CODE = YES;
				CLANG_WARN__DUPLICATE_METHOD_MATCH = YES;
				COPY_PHASE_STRIP = NO;
				DEBUG_INFORMATION_FORMAT = "dwarf-with-dsym";
				ENABLE_NS_ASSERTIONS = NO;
				ENABLE_STRICT_OBJC_MSGSEND = YES;
				GCC_C_LANGUAGE_STANDARD = gnu11;
				GCC_NO_COMMON_BLOCKS = YES;
				GCC_WARN_64_TO_32_BIT_CONVERSION = YES;
				GCC_WARN_ABOUT_RETURN_TYPE = YES_ERROR;
				GCC_WARN_UNDECLARED_SELECTOR = YES;
				GCC_WARN_UNINITIALIZED_AUTOS = YES_AGGRESSIVE;
				GCC_WARN_UNUSED_FUNCTION = YES;
				GCC_WARN_UNUSED_VARIABLE = YES;
				IPHONEOS_DEPLOYMENT_TARGET = 15.5;
				MTL_ENABLE_DEBUG_INFO = NO;
				MTL_FAST_MATH = YES;
				SDKROOT = iphoneos;
				SWIFT_COMPILATION_MODE = wholemodule;
				SWIFT_OPTIMIZATION_LEVEL = "-O";
				VALIDATE_PRODUCT = YES;
			};
			name = Release;
		};
		6E937B2F28C0DE2A00BA9836 /* Debug */ = {
			isa = XCBuildConfiguration;
			buildSettings = {
				ASSETCATALOG_COMPILER_APPICON_NAME = AppIcon;
				ASSETCATALOG_COMPILER_GLOBAL_ACCENT_COLOR_NAME = AccentColor;
				CODE_SIGN_STYLE = Automatic;
				CURRENT_PROJECT_VERSION = 1;
				DEVELOPMENT_ASSET_PATHS = "\"ProductList/Preview Content\"";
				DEVELOPMENT_TEAM = V6SNK6N29R;
				ENABLE_PREVIEWS = YES;
				GENERATE_INFOPLIST_FILE = YES;
				INFOPLIST_KEY_UIApplicationSceneManifest_Generation = YES;
				INFOPLIST_KEY_UIApplicationSupportsIndirectInputEvents = YES;
				INFOPLIST_KEY_UILaunchScreen_Generation = YES;
				INFOPLIST_KEY_UISupportedInterfaceOrientations_iPad = "UIInterfaceOrientationPortrait UIInterfaceOrientationPortraitUpsideDown UIInterfaceOrientationLandscapeLeft UIInterfaceOrientationLandscapeRight";
				INFOPLIST_KEY_UISupportedInterfaceOrientations_iPhone = "UIInterfaceOrientationPortrait UIInterfaceOrientationLandscapeLeft UIInterfaceOrientationLandscapeRight";
				LD_RUNPATH_SEARCH_PATHS = (
					"$(inherited)",
					"@executable_path/Frameworks",
				);
				MARKETING_VERSION = 1.0;
				PRODUCT_BUNDLE_IDENTIFIER = com.it.mac.ProductList;
				PRODUCT_NAME = "$(TARGET_NAME)";
				SWIFT_EMIT_LOC_STRINGS = YES;
				SWIFT_VERSION = 5.0;
				TARGETED_DEVICE_FAMILY = "1,2";
			};
			name = Debug;
		};
		6E937B3028C0DE2A00BA9836 /* Release */ = {
			isa = XCBuildConfiguration;
			buildSettings = {
				ASSETCATALOG_COMPILER_APPICON_NAME = AppIcon;
				ASSETCATALOG_COMPILER_GLOBAL_ACCENT_COLOR_NAME = AccentColor;
				CODE_SIGN_STYLE = Automatic;
				CURRENT_PROJECT_VERSION = 1;
				DEVELOPMENT_ASSET_PATHS = "\"ProductList/Preview Content\"";
				DEVELOPMENT_TEAM = V6SNK6N29R;
				ENABLE_PREVIEWS = YES;
				GENERATE_INFOPLIST_FILE = YES;
				INFOPLIST_KEY_UIApplicationSceneManifest_Generation = YES;
				INFOPLIST_KEY_UIApplicationSupportsIndirectInputEvents = YES;
				INFOPLIST_KEY_UILaunchScreen_Generation = YES;
				INFOPLIST_KEY_UISupportedInterfaceOrientations_iPad = "UIInterfaceOrientationPortrait UIInterfaceOrientationPortraitUpsideDown UIInterfaceOrientationLandscapeLeft UIInterfaceOrientationLandscapeRight";
				INFOPLIST_KEY_UISupportedInterfaceOrientations_iPhone = "UIInterfaceOrientationPortrait UIInterfaceOrientationLandscapeLeft UIInterfaceOrientationLandscapeRight";
				LD_RUNPATH_SEARCH_PATHS = (
					"$(inherited)",
					"@executable_path/Frameworks",
				);
				MARKETING_VERSION = 1.0;
				PRODUCT_BUNDLE_IDENTIFIER = com.it.mac.ProductList;
				PRODUCT_NAME = "$(TARGET_NAME)";
				SWIFT_EMIT_LOC_STRINGS = YES;
				SWIFT_VERSION = 5.0;
				TARGETED_DEVICE_FAMILY = "1,2";
			};
			name = Release;
		};
		6E937B3228C0DE2A00BA9836 /* Debug */ = {
			isa = XCBuildConfiguration;
			buildSettings = {
				ALWAYS_EMBED_SWIFT_STANDARD_LIBRARIES = YES;
				BUNDLE_LOADER = "$(TEST_HOST)";
				CODE_SIGN_STYLE = Automatic;
				CURRENT_PROJECT_VERSION = 1;
				DEVELOPMENT_TEAM = V6SNK6N29R;
				GENERATE_INFOPLIST_FILE = YES;
				IPHONEOS_DEPLOYMENT_TARGET = 15.5;
				MARKETING_VERSION = 1.0;
				PRODUCT_BUNDLE_IDENTIFIER = com.it.mac.ProductListTests;
				PRODUCT_NAME = "$(TARGET_NAME)";
				SWIFT_EMIT_LOC_STRINGS = NO;
				SWIFT_VERSION = 5.0;
				TARGETED_DEVICE_FAMILY = "1,2";
				TEST_HOST = "$(BUILT_PRODUCTS_DIR)/ProductList.app/ProductList";
			};
			name = Debug;
		};
		6E937B3328C0DE2A00BA9836 /* Release */ = {
			isa = XCBuildConfiguration;
			buildSettings = {
				ALWAYS_EMBED_SWIFT_STANDARD_LIBRARIES = YES;
				BUNDLE_LOADER = "$(TEST_HOST)";
				CODE_SIGN_STYLE = Automatic;
				CURRENT_PROJECT_VERSION = 1;
				DEVELOPMENT_TEAM = V6SNK6N29R;
				GENERATE_INFOPLIST_FILE = YES;
				IPHONEOS_DEPLOYMENT_TARGET = 15.5;
				MARKETING_VERSION = 1.0;
				PRODUCT_BUNDLE_IDENTIFIER = com.it.mac.ProductListTests;
				PRODUCT_NAME = "$(TARGET_NAME)";
				SWIFT_EMIT_LOC_STRINGS = NO;
				SWIFT_VERSION = 5.0;
				TARGETED_DEVICE_FAMILY = "1,2";
				TEST_HOST = "$(BUILT_PRODUCTS_DIR)/ProductList.app/ProductList";
			};
			name = Release;
		};
		6E937B3528C0DE2A00BA9836 /* Debug */ = {
			isa = XCBuildConfiguration;
			buildSettings = {
				ALWAYS_EMBED_SWIFT_STANDARD_LIBRARIES = YES;
				CODE_SIGN_STYLE = Automatic;
				CURRENT_PROJECT_VERSION = 1;
				DEVELOPMENT_TEAM = V6SNK6N29R;
				GENERATE_INFOPLIST_FILE = YES;
				MARKETING_VERSION = 1.0;
				PRODUCT_BUNDLE_IDENTIFIER = com.it.mac.ProductListUITests;
				PRODUCT_NAME = "$(TARGET_NAME)";
				SWIFT_EMIT_LOC_STRINGS = NO;
				SWIFT_VERSION = 5.0;
				TARGETED_DEVICE_FAMILY = "1,2";
				TEST_TARGET_NAME = ProductList;
			};
			name = Debug;
		};
		6E937B3628C0DE2A00BA9836 /* Release */ = {
			isa = XCBuildConfiguration;
			buildSettings = {
				ALWAYS_EMBED_SWIFT_STANDARD_LIBRARIES = YES;
				CODE_SIGN_STYLE = Automatic;
				CURRENT_PROJECT_VERSION = 1;
				DEVELOPMENT_TEAM = V6SNK6N29R;
				GENERATE_INFOPLIST_FILE = YES;
				MARKETING_VERSION = 1.0;
				PRODUCT_BUNDLE_IDENTIFIER = com.it.mac.ProductListUITests;
				PRODUCT_NAME = "$(TARGET_NAME)";
				SWIFT_EMIT_LOC_STRINGS = NO;
				SWIFT_VERSION = 5.0;
				TARGETED_DEVICE_FAMILY = "1,2";
				TEST_TARGET_NAME = ProductList;
			};
			name = Release;
		};
/* End XCBuildConfiguration section */

/* Begin XCConfigurationList section */
		6E937B0528C0DE2800BA9836 /* Build configuration list for PBXProject "ProductList" */ = {
			isa = XCConfigurationList;
			buildConfigurations = (
				6E937B2C28C0DE2A00BA9836 /* Debug */,
				6E937B2D28C0DE2A00BA9836 /* Release */,
			);
			defaultConfigurationIsVisible = 0;
			defaultConfigurationName = Release;
		};
		6E937B2E28C0DE2A00BA9836 /* Build configuration list for PBXNativeTarget "ProductList" */ = {
			isa = XCConfigurationList;
			buildConfigurations = (
				6E937B2F28C0DE2A00BA9836 /* Debug */,
				6E937B3028C0DE2A00BA9836 /* Release */,
			);
			defaultConfigurationIsVisible = 0;
			defaultConfigurationName = Release;
		};
		6E937B3128C0DE2A00BA9836 /* Build configuration list for PBXNativeTarget "ProductListTests" */ = {
			isa = XCConfigurationList;
			buildConfigurations = (
				6E937B3228C0DE2A00BA9836 /* Debug */,
				6E937B3328C0DE2A00BA9836 /* Release */,
			);
			defaultConfigurationIsVisible = 0;
			defaultConfigurationName = Release;
		};
		6E937B3428C0DE2A00BA9836 /* Build configuration list for PBXNativeTarget "ProductListUITests" */ = {
			isa = XCConfigurationList;
			buildConfigurations = (
				6E937B3528C0DE2A00BA9836 /* Debug */,
				6E937B3628C0DE2A00BA9836 /* Release */,
			);
			defaultConfigurationIsVisible = 0;
			defaultConfigurationName = Release;
		};
/* End XCConfigurationList section */
	};
	rootObject = 6E937B0228C0DE2800BA9836 /* Project object */;
}
